
Microsoft Visual Studio Solution File, Format Version 12.00
# Visual Studio 2012
Project("{FAE04EC0-301F-11D3-BF4B-00C04F79EFBC}") = "AndroidDemo", "AndroidDemo\AndroidDemo.csproj", "{30714A34-FDD0-4AB0-9A78-FD282C999E13}"
EndProject
Project("{FAE04EC0-301F-11D3-BF4B-00C04F79EFBC}") = "AndroidDemo.UITests", "AndroidDemo.UITests\AndroidDemo.UITests.csproj", "{AC467F3E-DB70-4097-9DC0-EC3EF0A0AC6A}"
EndProject
Global
	GlobalSection(SolutionConfigurationPlatforms) = preSolution
		Debug|Any CPU = Debug|Any CPU
		Release|Any CPU = Release|Any CPU
	EndGlobalSection
	GlobalSection(ProjectConfigurationPlatforms) = postSolution
		{30714A34-FDD0-4AB0-9A78-FD282C999E13}.Debug|Any CPU.ActiveCfg = Debug|Any CPU
		{30714A34-FDD0-4AB0-9A78-FD282C999E13}.Debug|Any CPU.Build.0 = Debug|Any CPU
		{30714A34-FDD0-4AB0-9A78-FD282C999E13}.Release|Any CPU.ActiveCfg = Release|Any CPU
		{30714A34-FDD0-4AB0-9A78-FD282C999E13}.Release|Any CPU.Build.0 = Release|Any CPU
		{AC467F3E-DB70-4097-9DC0-EC3EF0A0AC6A}.Debug|Any CPU.ActiveCfg = Debug|Any CPU
		{AC467F3E-DB70-4097-9DC0-EC3EF0A0AC6A}.Debug|Any CPU.Build.0 = Debug|Any CPU
		{AC467F3E-DB70-4097-9DC0-EC3EF0A0AC6A}.Release|Any CPU.ActiveCfg = Release|Any CPU
		{AC467F3E-DB70-4097-9DC0-EC3EF0A0AC6A}.Release|Any CPU.Build.0 = Release|Any CPU
	EndGlobalSection
EndGlobal
